
Microsoft Visual Studio Solution File, Format Version 12.00
# Visual Studio Version 17
VisualStudioVersion = 17.4.33122.133
MinimumVisualStudioVersion = 10.0.40219.1
Project("{FAE04EC0-301F-11D3-BF4B-00C04F79EFBC}") = "ProgressionBasedAntiCheat", "ProgressionBasedAntiCheat\ProgressionBasedAntiCheat.csproj", "{C9FEFDAC-4DB0-4555-A357-EFD1A3136258}"
EndProject
Global
	GlobalSection(SolutionConfigurationPlatforms) = preSolution
		Debug|Any CPU = Debug|Any CPU
		Release|Any CPU = Release|Any CPU
	EndGlobalSection
	GlobalSection(ProjectConfigurationPlatforms) = postSolution
		{C9FEFDAC-4DB0-4555-A357-EFD1A3136258}.Debug|Any CPU.ActiveCfg = Debug|Any CPU
		{C9FEFDAC-4DB0-4555-A357-EFD1A3136258}.Debug|Any CPU.Build.0 = Debug|Any CPU
		{C9FEFDAC-4DB0-4555-A357-EFD1A3136258}.Release|Any CPU.ActiveCfg = Release|Any CPU
		{C9FEFDAC-4DB0-4555-A357-EFD1A3136258}.Release|Any CPU.Build.0 = Release|Any CPU
	EndGlobalSection
	GlobalSection(SolutionProperties) = preSolution
		HideSolutionNode = FALSE
	EndGlobalSection
	GlobalSection(ExtensibilityGlobals) = postSolution
		SolutionGuid = {5D1D35AA-729E-4898-BB3F-6C78662637A0}
	EndGlobalSection
EndGlobal
